
Microsoft Visual Studio Solution File, Format Version 12.00
# Visual Studio Version 17
VisualStudioVersion = 17.1.32414.318
MinimumVisualStudioVersion = 10.0.40219.1
Project("{FAE04EC0-301F-11D3-BF4B-00C04F79EFBC}") = "EF.Core", "EF.Core\EF.Core.csproj", "{BC517CBD-4946-44BE-ABAF-84758B5B1835}"
EndProject
Project("{FAE04EC0-301F-11D3-BF4B-00C04F79EFBC}") = "EF.UI", "EF.UI\EF.UI.csproj", "{8E40EE8E-5CAB-4930-9164-B69ADB17AA1D}"
EndProject
Global
	GlobalSection(SolutionConfigurationPlatforms) = preSolution
		Debug|Any CPU = Debug|Any CPU
		Release|Any CPU = Release|Any CPU
	EndGlobalSection
	GlobalSection(ProjectConfigurationPlatforms) = postSolution
		{BC517CBD-4946-44BE-ABAF-84758B5B1835}.Debug|Any CPU.ActiveCfg = Debug|Any CPU
		{BC517CBD-4946-44BE-ABAF-84758B5B1835}.Debug|Any CPU.Build.0 = Debug|Any CPU
		{BC517CBD-4946-44BE-ABAF-84758B5B1835}.Release|Any CPU.ActiveCfg = Release|Any CPU
		{BC517CBD-4946-44BE-ABAF-84758B5B1835}.Release|Any CPU.Build.0 = Release|Any CPU
		{8E40EE8E-5CAB-4930-9164-B69ADB17AA1D}.Debug|Any CPU.ActiveCfg = Debug|Any CPU
		{8E40EE8E-5CAB-4930-9164-B69ADB17AA1D}.Debug|Any CPU.Build.0 = Debug|Any CPU
		{8E40EE8E-5CAB-4930-9164-B69ADB17AA1D}.Release|Any CPU.ActiveCfg = Release|Any CPU
		{8E40EE8E-5CAB-4930-9164-B69ADB17AA1D}.Release|Any CPU.Build.0 = Release|Any CPU
	EndGlobalSection
	GlobalSection(SolutionProperties) = preSolution
		HideSolutionNode = FALSE
	EndGlobalSection
	GlobalSection(ExtensibilityGlobals) = postSolution
		SolutionGuid = {1CEB18B2-D88C-42DB-899F-D66907F8C7DB}
	EndGlobalSection
EndGlobal
